
Microsoft Visual Studio Solution File, Format Version 12.00
# Visual Studio 15
VisualStudioVersion = 15.0.28307.2092
MinimumVisualStudioVersion = 10.0.40219.1
Project("{FAE04EC0-301F-11D3-BF4B-00C04F79EFBC}") = "Chess", "Chess\Chess.csproj", "{BF1B4929-3CE9-45E7-BC21-C63DC08472CA}"
EndProject
Global
	GlobalSection(SolutionConfigurationPlatforms) = preSolution
		Debug|Any CPU = Debug|Any CPU
		Release|Any CPU = Release|Any CPU
	EndGlobalSection
	GlobalSection(ProjectConfigurationPlatforms) = postSolution
		{BF1B4929-3CE9-45E7-BC21-C63DC08472CA}.Debug|Any CPU.ActiveCfg = Debug|Any CPU
		{BF1B4929-3CE9-45E7-BC21-C63DC08472CA}.Debug|Any CPU.Build.0 = Debug|Any CPU
		{BF1B4929-3CE9-45E7-BC21-C63DC08472CA}.Release|Any CPU.ActiveCfg = Release|Any CPU
		{BF1B4929-3CE9-45E7-BC21-C63DC08472CA}.Release|Any CPU.Build.0 = Release|Any CPU
	EndGlobalSection
	GlobalSection(SolutionProperties) = preSolution
		HideSolutionNode = FALSE
	EndGlobalSection
	GlobalSection(ExtensibilityGlobals) = postSolution
		SolutionGuid = {4F6122FA-BF90-46AE-8B31-300EFE8C45F6}
	EndGlobalSection
EndGlobal
